
Microsoft Visual Studio Solution File, Format Version 12.00
# Visual Studio Version 16
VisualStudioVersion = 16.0.30517.126
MinimumVisualStudioVersion = 10.0.40219.1
Project("{FAE04EC0-301F-11D3-BF4B-00C04F79EFBC}") = "OTKBugTest", "OTKBugTest\OTKBugTest.csproj", "{C4133536-155A-41BB-85CE-4AAD3A56CECE}"
EndProject
Global
	GlobalSection(SolutionConfigurationPlatforms) = preSolution
		Debug|Any CPU = Debug|Any CPU
		Release|Any CPU = Release|Any CPU
	EndGlobalSection
	GlobalSection(ProjectConfigurationPlatforms) = postSolution
		{C4133536-155A-41BB-85CE-4AAD3A56CECE}.Debug|Any CPU.ActiveCfg = Debug|Any CPU
		{C4133536-155A-41BB-85CE-4AAD3A56CECE}.Debug|Any CPU.Build.0 = Debug|Any CPU
		{C4133536-155A-41BB-85CE-4AAD3A56CECE}.Release|Any CPU.ActiveCfg = Release|Any CPU
		{C4133536-155A-41BB-85CE-4AAD3A56CECE}.Release|Any CPU.Build.0 = Release|Any CPU
	EndGlobalSection
	GlobalSection(SolutionProperties) = preSolution
		HideSolutionNode = FALSE
	EndGlobalSection
	GlobalSection(ExtensibilityGlobals) = postSolution
		SolutionGuid = {A70A5B2F-0849-4DD5-A5CD-61B23F5D0A34}
	EndGlobalSection
EndGlobal
